
Microsoft Visual Studio Solution File, Format Version 12.00
# Visual Studio Version 17
VisualStudioVersion = 17.14.36414.22
MinimumVisualStudioVersion = 10.0.40219.1
Project("{2150E333-8FDC-42A3-9474-1A3956D46DE8}") = "Services", "Services", "{02EA681E-C7D8-13C7-8484-4AC65E1B71E8}"
EndProject
Project("{2150E333-8FDC-42A3-9474-1A3956D46DE8}") = "Catalog", "Catalog", "{E27226C5-27BD-49C5-8B76-7A0943436034}"
EndProject
Project("{FAE04EC0-301F-11D3-BF4B-00C04F79EFBC}") = "Catalog.API", "Services\Catalog\Catalog.API\Catalog.API.csproj", "{D1EEB5A7-5D3A-46EC-8CD5-43E0C9D0E84D}"
EndProject
Project("{FAE04EC0-301F-11D3-BF4B-00C04F79EFBC}") = "Catalog.Application", "Services\Catalog\Catalog.Application\Catalog.Application.csproj", "{C1A772FB-8668-46B4-BDC1-047954B54461}"
EndProject
Project("{FAE04EC0-301F-11D3-BF4B-00C04F79EFBC}") = "Catalog.Core", "Services\Catalog\Catalog.Core\Catalog.Core.csproj", "{2BE09D66-70D0-45C2-97D2-C5C7737890D0}"
EndProject
Project("{FAE04EC0-301F-11D3-BF4B-00C04F79EFBC}") = "Catalog.Infrastructure", "Services\Catalog\Catalog.Infrastructure\Catalog.Infrastructure.csproj", "{62515100-6E21-4E8E-8497-339F6920756D}"
EndProject
Project("{E53339B2-1760-4266-BCC7-CA923CBCF16C}") = "docker-compose", "docker-compose.dcproj", "{81DDED9D-158B-E303-5F62-77A2896D2A5A}"
EndProject
Global
	GlobalSection(SolutionConfigurationPlatforms) = preSolution
		Debug|Any CPU = Debug|Any CPU
		Release|Any CPU = Release|Any CPU
	EndGlobalSection
	GlobalSection(ProjectConfigurationPlatforms) = postSolution
		{D1EEB5A7-5D3A-46EC-8CD5-43E0C9D0E84D}.Debug|Any CPU.ActiveCfg = Debug|Any CPU
		{D1EEB5A7-5D3A-46EC-8CD5-43E0C9D0E84D}.Debug|Any CPU.Build.0 = Debug|Any CPU
		{D1EEB5A7-5D3A-46EC-8CD5-43E0C9D0E84D}.Release|Any CPU.ActiveCfg = Release|Any CPU
		{D1EEB5A7-5D3A-46EC-8CD5-43E0C9D0E84D}.Release|Any CPU.Build.0 = Release|Any CPU
		{C1A772FB-8668-46B4-BDC1-047954B54461}.Debug|Any CPU.ActiveCfg = Debug|Any CPU
		{C1A772FB-8668-46B4-BDC1-047954B54461}.Debug|Any CPU.Build.0 = Debug|Any CPU
		{C1A772FB-8668-46B4-BDC1-047954B54461}.Release|Any CPU.ActiveCfg = Release|Any CPU
		{C1A772FB-8668-46B4-BDC1-047954B54461}.Release|Any CPU.Build.0 = Release|Any CPU
		{2BE09D66-70D0-45C2-97D2-C5C7737890D0}.Debug|Any CPU.ActiveCfg = Debug|Any CPU
		{2BE09D66-70D0-45C2-97D2-C5C7737890D0}.Debug|Any CPU.Build.0 = Debug|Any CPU
		{2BE09D66-70D0-45C2-97D2-C5C7737890D0}.Release|Any CPU.ActiveCfg = Release|Any CPU
		{2BE09D66-70D0-45C2-97D2-C5C7737890D0}.Release|Any CPU.Build.0 = Release|Any CPU
		{62515100-6E21-4E8E-8497-339F6920756D}.Debug|Any CPU.ActiveCfg = Debug|Any CPU
		{62515100-6E21-4E8E-8497-339F6920756D}.Debug|Any CPU.Build.0 = Debug|Any CPU
		{62515100-6E21-4E8E-8497-339F6920756D}.Release|Any CPU.ActiveCfg = Release|Any CPU
		{62515100-6E21-4E8E-8497-339F6920756D}.Release|Any CPU.Build.0 = Release|Any CPU
		{81DDED9D-158B-E303-5F62-77A2896D2A5A}.Debug|Any CPU.ActiveCfg = Debug|Any CPU
		{81DDED9D-158B-E303-5F62-77A2896D2A5A}.Debug|Any CPU.Build.0 = Debug|Any CPU
		{81DDED9D-158B-E303-5F62-77A2896D2A5A}.Release|Any CPU.ActiveCfg = Release|Any CPU
		{81DDED9D-158B-E303-5F62-77A2896D2A5A}.Release|Any CPU.Build.0 = Release|Any CPU
	EndGlobalSection
	GlobalSection(SolutionProperties) = preSolution
		HideSolutionNode = FALSE
	EndGlobalSection
	GlobalSection(NestedProjects) = preSolution
		{E27226C5-27BD-49C5-8B76-7A0943436034} = {02EA681E-C7D8-13C7-8484-4AC65E1B71E8}
		{D1EEB5A7-5D3A-46EC-8CD5-43E0C9D0E84D} = {E27226C5-27BD-49C5-8B76-7A0943436034}
		{C1A772FB-8668-46B4-BDC1-047954B54461} = {E27226C5-27BD-49C5-8B76-7A0943436034}
		{2BE09D66-70D0-45C2-97D2-C5C7737890D0} = {E27226C5-27BD-49C5-8B76-7A0943436034}
		{62515100-6E21-4E8E-8497-339F6920756D} = {E27226C5-27BD-49C5-8B76-7A0943436034}
	EndGlobalSection
	GlobalSection(ExtensibilityGlobals) = postSolution
		SolutionGuid = {99E16778-28D7-4FB6-81ED-D91E4B5C87B1}
	EndGlobalSection
EndGlobal
